
Microsoft Visual Studio Solution File, Format Version 12.00
# Visual Studio 14
VisualStudioVersion = 14.0.25420.1
MinimumVisualStudioVersion = 10.0.40219.1
Project("{8BC9CEB8-8B4A-11D0-8D11-00A0C91BC942}") = "1 Stable Matching", "1 Stable Matching\1 Stable Matching.vcxproj", "{73C64E7B-A564-41FB-840D-E6CBB2513AAD}"
EndProject
Project("{8BC9CEB8-8B4A-11D0-8D11-00A0C91BC942}") = "3 Minimum Spanning Tree", "3 Minimum Spanning Tree\3 Minimum Spanning Tree.vcxproj", "{572DAAC4-D2EC-42FE-BA1A-138988745721}"
EndProject
Project("{8BC9CEB8-8B4A-11D0-8D11-00A0C91BC942}") = "2 Topological Ordering", "2 Topological Ordering\2 Topological Ordering.vcxproj", "{604421ED-A692-4AD7-8625-FF0617B8D1C4}"
EndProject
Project("{8BC9CEB8-8B4A-11D0-8D11-00A0C91BC942}") = "4 Closest Pair", "4 Closest Pair\4 Closest Pair.vcxproj", "{5C261526-4EBD-415B-A9F7-17706D26265A}"
EndProject
Project("{8BC9CEB8-8B4A-11D0-8D11-00A0C91BC942}") = "0 Tic-tac-toe (Final Project)", "0 Tic-tac-toe (Final Project)\0 Tic-tac-toe (Final Project).vcxproj", "{9D5C70B6-CB15-4609-BD84-E60039E23DA9}"
EndProject
Project("{8BC9CEB8-8B4A-11D0-8D11-00A0C91BC942}") = "5 Edit Distance (Exam 2016 Fall)", "5 Edit Distance (Exam 2016 Fall)\5 Edit Distance (Exam 2016 Fall).vcxproj", "{3857B4A3-DE6A-475B-AE6F-A082E996CD65}"
EndProject
Project("{8BC9CEB8-8B4A-11D0-8D11-00A0C91BC942}") = "6 Coin Problem (Exam 2017 Spring)", "6 Coin Problem (Exam 2017 Spring)\6 Coin Problem (Exam 2017 Spring).vcxproj", "{EA3D92B4-D93A-4233-BD35-3165E7B62926}"
EndProject
Global
	GlobalSection(SolutionConfigurationPlatforms) = preSolution
		Debug|x64 = Debug|x64
		Debug|x86 = Debug|x86
		Release|x64 = Release|x64
		Release|x86 = Release|x86
	EndGlobalSection
	GlobalSection(ProjectConfigurationPlatforms) = postSolution
		{73C64E7B-A564-41FB-840D-E6CBB2513AAD}.Debug|x64.ActiveCfg = Debug|x64
		{73C64E7B-A564-41FB-840D-E6CBB2513AAD}.Debug|x64.Build.0 = Debug|x64
		{73C64E7B-A564-41FB-840D-E6CBB2513AAD}.Debug|x86.ActiveCfg = Debug|Win32
		{73C64E7B-A564-41FB-840D-E6CBB2513AAD}.Debug|x86.Build.0 = Debug|Win32
		{73C64E7B-A564-41FB-840D-E6CBB2513AAD}.Release|x64.ActiveCfg = Release|x64
		{73C64E7B-A564-41FB-840D-E6CBB2513AAD}.Release|x64.Build.0 = Release|x64
		{73C64E7B-A564-41FB-840D-E6CBB2513AAD}.Release|x86.ActiveCfg = Release|Win32
		{73C64E7B-A564-41FB-840D-E6CBB2513AAD}.Release|x86.Build.0 = Release|Win32
		{572DAAC4-D2EC-42FE-BA1A-138988745721}.Debug|x64.ActiveCfg = Debug|x64
		{572DAAC4-D2EC-42FE-BA1A-138988745721}.Debug|x64.Build.0 = Debug|x64
		{572DAAC4-D2EC-42FE-BA1A-138988745721}.Debug|x86.ActiveCfg = Debug|Win32
		{572DAAC4-D2EC-42FE-BA1A-138988745721}.Debug|x86.Build.0 = Debug|Win32
		{572DAAC4-D2EC-42FE-BA1A-138988745721}.Release|x64.ActiveCfg = Release|x64
		{572DAAC4-D2EC-42FE-BA1A-138988745721}.Release|x64.Build.0 = Release|x64
		{572DAAC4-D2EC-42FE-BA1A-138988745721}.Release|x86.ActiveCfg = Release|Win32
		{572DAAC4-D2EC-42FE-BA1A-138988745721}.Release|x86.Build.0 = Release|Win32
		{604421ED-A692-4AD7-8625-FF0617B8D1C4}.Debug|x64.ActiveCfg = Debug|x64
		{604421ED-A692-4AD7-8625-FF0617B8D1C4}.Debug|x64.Build.0 = Debug|x64
		{604421ED-A692-4AD7-8625-FF0617B8D1C4}.Debug|x86.ActiveCfg = Debug|Win32
		{604421ED-A692-4AD7-8625-FF0617B8D1C4}.Debug|x86.Build.0 = Debug|Win32
		{604421ED-A692-4AD7-8625-FF0617B8D1C4}.Release|x64.ActiveCfg = Release|x64
		{604421ED-A692-4AD7-8625-FF0617B8D1C4}.Release|x64.Build.0 = Release|x64
		{604421ED-A692-4AD7-8625-FF0617B8D1C4}.Release|x86.ActiveCfg = Release|Win32
		{604421ED-A692-4AD7-8625-FF0617B8D1C4}.Release|x86.Build.0 = Release|Win32
		{5C261526-4EBD-415B-A9F7-17706D26265A}.Debug|x64.ActiveCfg = Debug|x64
		{5C261526-4EBD-415B-A9F7-17706D26265A}.Debug|x64.Build.0 = Debug|x64
		{5C261526-4EBD-415B-A9F7-17706D26265A}.Debug|x86.ActiveCfg = Debug|Win32
		{5C261526-4EBD-415B-A9F7-17706D26265A}.Debug|x86.Build.0 = Debug|Win32
		{5C261526-4EBD-415B-A9F7-17706D26265A}.Release|x64.ActiveCfg = Release|x64
		{5C261526-4EBD-415B-A9F7-17706D26265A}.Release|x64.Build.0 = Release|x64
		{5C261526-4EBD-415B-A9F7-17706D26265A}.Release|x86.ActiveCfg = Release|Win32
		{5C261526-4EBD-415B-A9F7-17706D26265A}.Release|x86.Build.0 = Release|Win32
		{9D5C70B6-CB15-4609-BD84-E60039E23DA9}.Debug|x64.ActiveCfg = Debug|x64
		{9D5C70B6-CB15-4609-BD84-E60039E23DA9}.Debug|x64.Build.0 = Debug|x64
		{9D5C70B6-CB15-4609-BD84-E60039E23DA9}.Debug|x86.ActiveCfg = Debug|Win32
		{9D5C70B6-CB15-4609-BD84-E60039E23DA9}.Debug|x86.Build.0 = Debug|Win32
		{9D5C70B6-CB15-4609-BD84-E60039E23DA9}.Release|x64.ActiveCfg = Release|x64
		{9D5C70B6-CB15-4609-BD84-E60039E23DA9}.Release|x64.Build.0 = Release|x64
		{9D5C70B6-CB15-4609-BD84-E60039E23DA9}.Release|x86.ActiveCfg = Release|Win32
		{9D5C70B6-CB15-4609-BD84-E60039E23DA9}.Release|x86.Build.0 = Release|Win32
		{3857B4A3-DE6A-475B-AE6F-A082E996CD65}.Debug|x64.ActiveCfg = Debug|x64
		{3857B4A3-DE6A-475B-AE6F-A082E996CD65}.Debug|x64.Build.0 = Debug|x64
		{3857B4A3-DE6A-475B-AE6F-A082E996CD65}.Debug|x86.ActiveCfg = Debug|Win32
		{3857B4A3-DE6A-475B-AE6F-A082E996CD65}.Debug|x86.Build.0 = Debug|Win32
		{3857B4A3-DE6A-475B-AE6F-A082E996CD65}.Release|x64.ActiveCfg = Release|x64
		{3857B4A3-DE6A-475B-AE6F-A082E996CD65}.Release|x64.Build.0 = Release|x64
		{3857B4A3-DE6A-475B-AE6F-A082E996CD65}.Release|x86.ActiveCfg = Release|Win32
		{3857B4A3-DE6A-475B-AE6F-A082E996CD65}.Release|x86.Build.0 = Release|Win32
		{EA3D92B4-D93A-4233-BD35-3165E7B62926}.Debug|x64.ActiveCfg = Debug|x64
		{EA3D92B4-D93A-4233-BD35-3165E7B62926}.Debug|x64.Build.0 = Debug|x64
		{EA3D92B4-D93A-4233-BD35-3165E7B62926}.Debug|x86.ActiveCfg = Debug|Win32
		{EA3D92B4-D93A-4233-BD35-3165E7B62926}.Debug|x86.Build.0 = Debug|Win32
		{EA3D92B4-D93A-4233-BD35-3165E7B62926}.Release|x64.ActiveCfg = Release|x64
		{EA3D92B4-D93A-4233-BD35-3165E7B62926}.Release|x64.Build.0 = Release|x64
		{EA3D92B4-D93A-4233-BD35-3165E7B62926}.Release|x86.ActiveCfg = Release|Win32
		{EA3D92B4-D93A-4233-BD35-3165E7B62926}.Release|x86.Build.0 = Release|Win32
	EndGlobalSection
	GlobalSection(SolutionProperties) = preSolution
		HideSolutionNode = FALSE
	EndGlobalSection
EndGlobal
